
Microsoft Visual Studio Solution File, Format Version 12.00
# Visual Studio Version 17
VisualStudioVersion = 17.3.32922.545
MinimumVisualStudioVersion = 10.0.40219.1
Project("{FAE04EC0-301F-11D3-BF4B-00C04F79EFBC}") = "Conditionals", "Conditionals.csproj", "{72D73C75-D865-445C-9959-1ABF97506F83}"
EndProject
Global
	GlobalSection(SolutionConfigurationPlatforms) = preSolution
		Debug|Any CPU = Debug|Any CPU
		Release|Any CPU = Release|Any CPU
	EndGlobalSection
	GlobalSection(ProjectConfigurationPlatforms) = postSolution
		{72D73C75-D865-445C-9959-1ABF97506F83}.Debug|Any CPU.ActiveCfg = Debug|Any CPU
		{72D73C75-D865-445C-9959-1ABF97506F83}.Debug|Any CPU.Build.0 = Debug|Any CPU
		{72D73C75-D865-445C-9959-1ABF97506F83}.Release|Any CPU.ActiveCfg = Release|Any CPU
		{72D73C75-D865-445C-9959-1ABF97506F83}.Release|Any CPU.Build.0 = Release|Any CPU
	EndGlobalSection
	GlobalSection(SolutionProperties) = preSolution
		HideSolutionNode = FALSE
	EndGlobalSection
	GlobalSection(ExtensibilityGlobals) = postSolution
		SolutionGuid = {390362CA-8692-4640-9258-A223DB178D7C}
	EndGlobalSection
EndGlobal
